{
  "name": "cowpea",
  "version": "1.2.0",
  "lockfileVersion": 2,
  "requires": true,
  "packages": {
    "": {
      "version": "1.2.0",
      "license": "ISC",
      "dependencies": {
        "rhyme": "^0.0.3",
        "rhyming-part": "^1.1.0",
        "thesaurus": "^0.0.1"
      },
      "devDependencies": {}
    },
    "node_modules/cmu-pronouncing-dictionary": {
      "version": "1.0.3",
      "resolved": "https://registry.npmjs.org/cmu-pronouncing-dictionary/-/cmu-pronouncing-dictionary-1.0.3.tgz",
      "integrity": "sha512-0gsC0ZiqrIiSDMK5f3NxHMkq1XoAs2KypHM1mjLiQNqN85YpCTl5GJfS+RPkNJ+7BsiHGY03KVElJZ6O1zMNhA=="
    },
    "node_modules/extractwords": {
      "version": "1.2.0",
      "resolved": "https://registry.npmjs.org/extractwords/-/extractwords-1.2.0.tgz",
      "integrity": "sha512-qq2bjOx1XfaB6F6KreQF5GhhM7ERdigDc5Ckm45uPtf2YHekGHlbkti8/TJzFXNW8dYsrD0q/5FQeBcby+EBEg==",
      "engines": {
        "node": ">=8.3.0"
      }
    },
    "node_modules/hashish": {
      "version": "0.0.4",
      "resolved": "https://registry.npmjs.org/hashish/-/hashish-0.0.4.tgz",
      "integrity": "sha512-xyD4XgslstNAs72ENaoFvgMwtv8xhiDtC2AtzCG+8yF7W/Knxxm9BX+e2s25mm+HxMKh0rBmXVOEGF3zNImXvA==",
      "dependencies": {
        "traverse": ">=0.2.4"
      },
      "engines": {
        "node": "*"
      }
    },
    "node_modules/lazy": {
      "version": "1.0.11",
      "resolved": "https://registry.npmjs.org/lazy/-/lazy-1.0.11.tgz",
      "integrity": "sha512-Y+CjUfLmIpoUCCRl0ub4smrYtGGr5AOa2AKOaWelGHOGz33X/Y/KizefGqbkwfz44+cnq/+9habclf8vOmu2LA==",
      "engines": {
        "node": ">=0.2.0"
      }
    },
    "node_modules/rhyme": {
      "version": "0.0.3",
      "resolved": "https://registry.npmjs.org/rhyme/-/rhyme-0.0.3.tgz",
      "integrity": "sha512-2V5CoFP6F/vOkuo0qcY+5ODvjnXKy3xs4vfEunhIyeBchn2Tk8tkhFnoMKsUOSZjcQBsrpnQLL8rEWULoZPZ5g==",
      "dependencies": {
        "hashish": ">=0.0.2",
        "lazy": ">=1.0.4"
      },
      "engines": {
        "node": ">=0.4.0"
      }
    },
    "node_modules/rhyming-part": {
      "version": "1.1.0",
      "resolved": "https://registry.npmjs.org/rhyming-part/-/rhyming-part-1.1.0.tgz",
      "integrity": "sha512-fT2iOHVkQb091grU4PihDSj4gnp9hiZK+ib4v/1499/SYXIvzmvm65fjp3SKSEbVoSqP+Ltev0/VU6cPRD8lrA==",
      "dependencies": {
        "cmu-pronouncing-dictionary": "^1.0.3",
        "extractwords": "^1.1.1"
      },
      "engines": {
        "node": ">=8"
      }
    },
    "node_modules/thesaurus": {
      "version": "0.0.1",
      "resolved": "https://registry.npmjs.org/thesaurus/-/thesaurus-0.0.1.tgz",
      "integrity": "sha512-EhaO3KcD3e3SgEeMvcaS0/lehYf4zpB0dL3cq/xT6VhWrz3G2bWmney6icIDi0hXGV40NI9T2f63AKBQ0ubfSQ=="
    },
    "node_modules/traverse": {
      "version": "0.6.6",
      "resolved": "https://registry.npmjs.org/traverse/-/traverse-0.6.6.tgz",
      "integrity": "sha1-y99WD9e5r2MlAv7UD5GMFX6pcTc="
    }
  },
  "dependencies": {
    "cmu-pronouncing-dictionary": {
      "version": "1.0.3",
      "resolved": "https://registry.npmjs.org/cmu-pronouncing-dictionary/-/cmu-pronouncing-dictionary-1.0.3.tgz",
      "integrity": "sha512-0gsC0ZiqrIiSDMK5f3NxHMkq1XoAs2KypHM1mjLiQNqN85YpCTl5GJfS+RPkNJ+7BsiHGY03KVElJZ6O1zMNhA=="
    },
    "extractwords": {
      "version": "1.2.0",
      "resolved": "https://registry.npmjs.org/extractwords/-/extractwords-1.2.0.tgz",
      "integrity": "sha512-qq2bjOx1XfaB6F6KreQF5GhhM7ERdigDc5Ckm45uPtf2YHekGHlbkti8/TJzFXNW8dYsrD0q/5FQeBcby+EBEg=="
    },
    "hashish": {
      "version": "0.0.4",
      "resolved": "https://registry.npmjs.org/hashish/-/hashish-0.0.4.tgz",
      "integrity": "sha512-xyD4XgslstNAs72ENaoFvgMwtv8xhiDtC2AtzCG+8yF7W/Knxxm9BX+e2s25mm+HxMKh0rBmXVOEGF3zNImXvA==",
      "requires": {
        "traverse": ">=0.2.4"
      }
    },
    "lazy": {
      "version": "1.0.11",
      "resolved": "https://registry.npmjs.org/lazy/-/lazy-1.0.11.tgz",
      "integrity": "sha512-Y+CjUfLmIpoUCCRl0ub4smrYtGGr5AOa2AKOaWelGHOGz33X/Y/KizefGqbkwfz44+cnq/+9habclf8vOmu2LA=="
    },
    "rhyme": {
      "version": "0.0.3",
      "resolved": "https://registry.npmjs.org/rhyme/-/rhyme-0.0.3.tgz",
      "integrity": "sha512-2V5CoFP6F/vOkuo0qcY+5ODvjnXKy3xs4vfEunhIyeBchn2Tk8tkhFnoMKsUOSZjcQBsrpnQLL8rEWULoZPZ5g==",
      "requires": {
        "hashish": ">=0.0.2",
        "lazy": ">=1.0.4"
      }
    },
    "rhyming-part": {
      "version": "1.1.0",
      "resolved": "https://registry.npmjs.org/rhyming-part/-/rhyming-part-1.1.0.tgz",
      "integrity": "sha512-fT2iOHVkQb091grU4PihDSj4gnp9hiZK+ib4v/1499/SYXIvzmvm65fjp3SKSEbVoSqP+Ltev0/VU6cPRD8lrA==",
      "requires": {
        "cmu-pronouncing-dictionary": "^1.0.3",
        "extractwords": "^1.1.1"
      }
    },
    "thesaurus": {
      "version": "0.0.1",
      "resolved": "https://registry.npmjs.org/thesaurus/-/thesaurus-0.0.1.tgz",
      "integrity": "sha512-EhaO3KcD3e3SgEeMvcaS0/lehYf4zpB0dL3cq/xT6VhWrz3G2bWmney6icIDi0hXGV40NI9T2f63AKBQ0ubfSQ=="
    },
    "traverse": {
      "version": "0.6.6",
      "resolved": "https://registry.npmjs.org/traverse/-/traverse-0.6.6.tgz",
      "integrity": "sha1-y99WD9e5r2MlAv7UD5GMFX6pcTc="
    }
  }
}
